
Microsoft Visual Studio Solution File, Format Version 12.00
Project("{FAE04EC0-301F-11D3-BF4B-00C04F79EFBC}") = "Mission5Assignment", "Mission5Assignment\Mission5Assignment.csproj", "{E06E9B36-28FE-42E6-8FF3-EE77AE39EA33}"
EndProject
Global
	GlobalSection(SolutionConfigurationPlatforms) = preSolution
		Debug|Any CPU = Debug|Any CPU
		Release|Any CPU = Release|Any CPU
	EndGlobalSection
	GlobalSection(ProjectConfigurationPlatforms) = postSolution
		{E06E9B36-28FE-42E6-8FF3-EE77AE39EA33}.Debug|Any CPU.ActiveCfg = Debug|Any CPU
		{E06E9B36-28FE-42E6-8FF3-EE77AE39EA33}.Debug|Any CPU.Build.0 = Debug|Any CPU
		{E06E9B36-28FE-42E6-8FF3-EE77AE39EA33}.Release|Any CPU.ActiveCfg = Release|Any CPU
		{E06E9B36-28FE-42E6-8FF3-EE77AE39EA33}.Release|Any CPU.Build.0 = Release|Any CPU
	EndGlobalSection
EndGlobal
